
Microsoft Visual Studio Solution File, Format Version 12.00
# Visual Studio Version 17
VisualStudioVersion = 17.11.35312.102
MinimumVisualStudioVersion = 10.0.40219.1
Project("{FAE04EC0-301F-11D3-BF4B-00C04F79EFBC}") = "remainder", "remainder\remainder.csproj", "{90692179-177B-4749-9AF8-E38AA8C7E1E5}"
EndProject
Project("{FAE04EC0-301F-11D3-BF4B-00C04F79EFBC}") = "copying array", "copying array\copying array.csproj", "{6E9815DD-9E62-487F-97C9-DE9EEB472B41}"
EndProject
Global
	GlobalSection(SolutionConfigurationPlatforms) = preSolution
		Debug|Any CPU = Debug|Any CPU
		Release|Any CPU = Release|Any CPU
	EndGlobalSection
	GlobalSection(ProjectConfigurationPlatforms) = postSolution
		{90692179-177B-4749-9AF8-E38AA8C7E1E5}.Debug|Any CPU.ActiveCfg = Debug|Any CPU
		{90692179-177B-4749-9AF8-E38AA8C7E1E5}.Debug|Any CPU.Build.0 = Debug|Any CPU
		{90692179-177B-4749-9AF8-E38AA8C7E1E5}.Release|Any CPU.ActiveCfg = Release|Any CPU
		{90692179-177B-4749-9AF8-E38AA8C7E1E5}.Release|Any CPU.Build.0 = Release|Any CPU
		{6E9815DD-9E62-487F-97C9-DE9EEB472B41}.Debug|Any CPU.ActiveCfg = Debug|Any CPU
		{6E9815DD-9E62-487F-97C9-DE9EEB472B41}.Debug|Any CPU.Build.0 = Debug|Any CPU
		{6E9815DD-9E62-487F-97C9-DE9EEB472B41}.Release|Any CPU.ActiveCfg = Release|Any CPU
		{6E9815DD-9E62-487F-97C9-DE9EEB472B41}.Release|Any CPU.Build.0 = Release|Any CPU
	EndGlobalSection
	GlobalSection(SolutionProperties) = preSolution
		HideSolutionNode = FALSE
	EndGlobalSection
	GlobalSection(ExtensibilityGlobals) = postSolution
		SolutionGuid = {ED4C2A11-AA06-434C-86D0-DE4A37C95EB7}
	EndGlobalSection
EndGlobal
